// !$*UTF8*$!
{
	archiveVersion = 1;
	classes = {
	};
	objectVersion = 50;
	objects = {

/* Begin PBXBuildFile section */
		240B48EC220A11EB0028D056 /* CustomTabBar.swift in Sources */ = {isa = PBXBuildFile; fileRef = 240B48EB220A11EB0028D056 /* CustomTabBar.swift */; };
		24130DC72226D0EE0081AF2F /* movies.csv in Resources */ = {isa = PBXBuildFile; fileRef = 24130DC62226D0ED0081AF2F /* movies.csv */; };
		241541DB221C8878004E9EDD /* User.swift in Sources */ = {isa = PBXBuildFile; fileRef = 241541DA221C8878004E9EDD /* User.swift */; };
		242EEE2F2201EA42008DE446 /* AppDelegate.swift in Sources */ = {isa = PBXBuildFile; fileRef = 242EEE2E2201EA42008DE446 /* AppDelegate.swift */; };
		242EEE312201EA42008DE446 /* ViewController.swift in Sources */ = {isa = PBXBuildFile; fileRef = 242EEE302201EA42008DE446 /* ViewController.swift */; };
		242EEE342201EA42008DE446 /* Main.storyboard in Resources */ = {isa = PBXBuildFile; fileRef = 242EEE322201EA42008DE446 /* Main.storyboard */; };
		242EEE362201EA4B008DE446 /* Assets.xcassets in Resources */ = {isa = PBXBuildFile; fileRef = 242EEE352201EA4B008DE446 /* Assets.xcassets */; };
		242EEE392201EA4C008DE446 /* LaunchScreen.storyboard in Resources */ = {isa = PBXBuildFile; fileRef = 242EEE372201EA4C008DE446 /* LaunchScreen.storyboard */; };
		242EEE442201EA4C008DE446 /* MovieFlixTests.swift in Sources */ = {isa = PBXBuildFile; fileRef = 242EEE432201EA4C008DE446 /* MovieFlixTests.swift */; };
		242EEE4F2201EA4C008DE446 /* MovieFlixUITests.swift in Sources */ = {isa = PBXBuildFile; fileRef = 242EEE4E2201EA4C008DE446 /* MovieFlixUITests.swift */; };
		243E71AD22203E3C0049BF6B /* CollectionViewController.swift in Sources */ = {isa = PBXBuildFile; fileRef = 243E71AC22203E3C0049BF6B /* CollectionViewController.swift */; };
		243E71B1222040030049BF6B /* DetailViewController.swift in Sources */ = {isa = PBXBuildFile; fileRef = 243E71B0222040030049BF6B /* DetailViewController.swift */; };
		243E71B3222042590049BF6B /* CollectionViewCell.swift in Sources */ = {isa = PBXBuildFile; fileRef = 243E71B2222042590049BF6B /* CollectionViewCell.swift */; };
		243E71B522204B8F0049BF6B /* MovieCollectionViewCell.swift in Sources */ = {isa = PBXBuildFile; fileRef = 243E71B422204B8F0049BF6B /* MovieCollectionViewCell.swift */; };
		244815C822145CDA00782602 /* movies_dani.csv in Resources */ = {isa = PBXBuildFile; fileRef = 244815C722145CDA00782602 /* movies_dani.csv */; };
		244815CA22145FB600782602 /* CustomCellMovies.swift in Sources */ = {isa = PBXBuildFile; fileRef = 244815C922145FB600782602 /* CustomCellMovies.swift */; };
		24590C3022298594007A31CD /* SearchViewController.swift in Sources */ = {isa = PBXBuildFile; fileRef = 24590C2F22298594007A31CD /* SearchViewController.swift */; };
		246A99AC2214776100938E04 /* MovieCellSegue.swift in Sources */ = {isa = PBXBuildFile; fileRef = 246A99AB2214776100938E04 /* MovieCellSegue.swift */; };
		24C4ED44220B25F100167120 /* Movie.swift in Sources */ = {isa = PBXBuildFile; fileRef = 24C4ED43220B25F100167120 /* Movie.swift */; };
		24C4ED46220B26E100167120 /* movies2.csv in Resources */ = {isa = PBXBuildFile; fileRef = 24C4ED45220B26E100167120 /* movies2.csv */; };
		24C4ED49220B2ECA00167120 /* Tools.swift in Sources */ = {isa = PBXBuildFile; fileRef = 24C4ED48220B2ECA00167120 /* Tools.swift */; };
		24C4ED4C220B30FE00167120 /* csv.swift in Sources */ = {isa = PBXBuildFile; fileRef = 24C4ED4B220B30FE00167120 /* csv.swift */; };
/* End PBXBuildFile section */

/* Begin PBXContainerItemProxy section */
		242EEE402201EA4C008DE446 /* PBXContainerItemProxy */ = {
			isa = PBXContainerItemProxy;
			containerPortal = 242EEE232201EA41008DE446 /* Project object */;
			proxyType = 1;
			remoteGlobalIDString = 242EEE2A2201EA42008DE446;
			remoteInfo = MovieFlix;
		};
		242EEE4B2201EA4C008DE446 /* PBXContainerItemProxy */ = {
			isa = PBXContainerItemProxy;
			containerPortal = 242EEE232201EA41008DE446 /* Project object */;
			proxyType = 1;
			remoteGlobalIDString = 242EEE2A2201EA42008DE446;
			remoteInfo = MovieFlix;
		};
/* End PBXContainerItemProxy section */

/* Begin PBXFileReference section */
		240B48EB220A11EB0028D056 /* CustomTabBar.swift */ = {isa = PBXFileReference; lastKnownFileType = sourcecode.swift; path = CustomTabBar.swift; sourceTree = "<group>"; };
		24130DC62226D0ED0081AF2F /* movies.csv */ = {isa = PBXFileReference; fileEncoding = 4; lastKnownFileType = text; path = movies.csv; sourceTree = "<group>"; };
		241541DA221C8878004E9EDD /* User.swift */ = {isa = PBXFileReference; lastKnownFileType = sourcecode.swift; path = User.swift; sourceTree = "<group>"; };
		242EEE2B2201EA42008DE446 /* MovieFlix.app */ = {isa = PBXFileReference; explicitFileType = wrapper.application; includeInIndex = 0; path = MovieFlix.app; sourceTree = BUILT_PRODUCTS_DIR; };
		242EEE2E2201EA42008DE446 /* AppDelegate.swift */ = {isa = PBXFileReference; lastKnownFileType = sourcecode.swift; path = AppDelegate.swift; sourceTree = "<group>"; };
		242EEE302201EA42008DE446 /* ViewController.swift */ = {isa = PBXFileReference; lastKnownFileType = sourcecode.swift; path = ViewController.swift; sourceTree = "<group>"; };
		242EEE332201EA42008DE446 /* Base */ = {isa = PBXFileReference; lastKnownFileType = file.storyboard; name = Base; path = Base.lproj/Main.storyboard; sourceTree = "<group>"; };
		242EEE352201EA4B008DE446 /* Assets.xcassets */ = {isa = PBXFileReference; lastKnownFileType = folder.assetcatalog; path = Assets.xcassets; sourceTree = "<group>"; };
		242EEE382201EA4C008DE446 /* Base */ = {isa = PBXFileReference; lastKnownFileType = file.storyboard; name = Base; path = Base.lproj/LaunchScreen.storyboard; sourceTree = "<group>"; };
		242EEE3A2201EA4C008DE446 /* Info.plist */ = {isa = PBXFileReference; lastKnownFileType = text.plist.xml; path = Info.plist; sourceTree = "<group>"; };
		242EEE3F2201EA4C008DE446 /* MovieFlixTests.xctest */ = {isa = PBXFileReference; explicitFileType = wrapper.cfbundle; includeInIndex = 0; path = MovieFlixTests.xctest; sourceTree = BUILT_PRODUCTS_DIR; };
		242EEE432201EA4C008DE446 /* MovieFlixTests.swift */ = {isa = PBXFileReference; lastKnownFileType = sourcecode.swift; path = MovieFlixTests.swift; sourceTree = "<group>"; };
		242EEE452201EA4C008DE446 /* Info.plist */ = {isa = PBXFileReference; lastKnownFileType = text.plist.xml; path = Info.plist; sourceTree = "<group>"; };
		242EEE4A2201EA4C008DE446 /* MovieFlixUITests.xctest */ = {isa = PBXFileReference; explicitFileType = wrapper.cfbundle; includeInIndex = 0; path = MovieFlixUITests.xctest; sourceTree = BUILT_PRODUCTS_DIR; };
		242EEE4E2201EA4C008DE446 /* MovieFlixUITests.swift */ = {isa = PBXFileReference; lastKnownFileType = sourcecode.swift; path = MovieFlixUITests.swift; sourceTree = "<group>"; };
		242EEE502201EA4C008DE446 /* Info.plist */ = {isa = PBXFileReference; lastKnownFileType = text.plist.xml; path = Info.plist; sourceTree = "<group>"; };
		243E71AC22203E3C0049BF6B /* CollectionViewController.swift */ = {isa = PBXFileReference; lastKnownFileType = sourcecode.swift; path = CollectionViewController.swift; sourceTree = "<group>"; };
		243E71B0222040030049BF6B /* DetailViewController.swift */ = {isa = PBXFileReference; lastKnownFileType = sourcecode.swift; path = DetailViewController.swift; sourceTree = "<group>"; };
		243E71B2222042590049BF6B /* CollectionViewCell.swift */ = {isa = PBXFileReference; lastKnownFileType = sourcecode.swift; path = CollectionViewCell.swift; sourceTree = "<group>"; };
		243E71B422204B8F0049BF6B /* MovieCollectionViewCell.swift */ = {isa = PBXFileReference; lastKnownFileType = sourcecode.swift; path = MovieCollectionViewCell.swift; sourceTree = "<group>"; };
		244815C722145CDA00782602 /* movies_dani.csv */ = {isa = PBXFileReference; fileEncoding = 4; lastKnownFileType = text; path = movies_dani.csv; sourceTree = "<group>"; };
		244815C922145FB600782602 /* CustomCellMovies.swift */ = {isa = PBXFileReference; lastKnownFileType = sourcecode.swift; path = CustomCellMovies.swift; sourceTree = "<group>"; };
		244815CC221465F100782602 /* BebasNeue-Regular.ttf */ = {isa = PBXFileReference; lastKnownFileType = file; path = "BebasNeue-Regular.ttf"; sourceTree = "<group>"; };
		244815CD221465F100782602 /* BebasNeue-Regular.otf */ = {isa = PBXFileReference; lastKnownFileType = file; path = "BebasNeue-Regular.otf"; sourceTree = "<group>"; };
		24590C2F22298594007A31CD /* SearchViewController.swift */ = {isa = PBXFileReference; lastKnownFileType = sourcecode.swift; path = SearchViewController.swift; sourceTree = "<group>"; };
		246A99AB2214776100938E04 /* MovieCellSegue.swift */ = {isa = PBXFileReference; lastKnownFileType = sourcecode.swift; path = MovieCellSegue.swift; sourceTree = "<group>"; };
		24C4ED43220B25F100167120 /* Movie.swift */ = {isa = PBXFileReference; lastKnownFileType = sourcecode.swift; path = Movie.swift; sourceTree = "<group>"; };
		24C4ED45220B26E100167120 /* movies2.csv */ = {isa = PBXFileReference; fileEncoding = 4; lastKnownFileType = text; path = movies2.csv; sourceTree = "<group>"; };
		24C4ED48220B2ECA00167120 /* Tools.swift */ = {isa = PBXFileReference; lastKnownFileType = sourcecode.swift; path = Tools.swift; sourceTree = "<group>"; };
		24C4ED4B220B30FE00167120 /* csv.swift */ = {isa = PBXFileReference; lastKnownFileType = sourcecode.swift; path = csv.swift; sourceTree = "<group>"; };
/* End PBXFileReference section */

/* Begin PBXFrameworksBuildPhase section */
		242EEE282201EA42008DE446 /* Frameworks */ = {
			isa = PBXFrameworksBuildPhase;
			buildActionMask = 2147483647;
			files = (
			);
			runOnlyForDeploymentPostprocessing = 0;
		};
		242EEE3C2201EA4C008DE446 /* Frameworks */ = {
			isa = PBXFrameworksBuildPhase;
			buildActionMask = 2147483647;
			files = (
			);
			runOnlyForDeploymentPostprocessing = 0;
		};
		242EEE472201EA4C008DE446 /* Frameworks */ = {
			isa = PBXFrameworksBuildPhase;
			buildActionMask = 2147483647;
			files = (
			);
			runOnlyForDeploymentPostprocessing = 0;
		};
/* End PBXFrameworksBuildPhase section */

/* Begin PBXGroup section */
		242EEE222201EA41008DE446 = {
			isa = PBXGroup;
			children = (
				242EEE2D2201EA42008DE446 /* MovieFlix */,
				242EEE422201EA4C008DE446 /* MovieFlixTests */,
				242EEE4D2201EA4C008DE446 /* MovieFlixUITests */,
				242EEE2C2201EA42008DE446 /* Products */,
			);
			sourceTree = "<group>";
		};
		242EEE2C2201EA42008DE446 /* Products */ = {
			isa = PBXGroup;
			children = (
				242EEE2B2201EA42008DE446 /* MovieFlix.app */,
				242EEE3F2201EA4C008DE446 /* MovieFlixTests.xctest */,
				242EEE4A2201EA4C008DE446 /* MovieFlixUITests.xctest */,
			);
			name = Products;
			sourceTree = "<group>";
		};
		242EEE2D2201EA42008DE446 /* MovieFlix */ = {
			isa = PBXGroup;
			children = (
				243E71AB22203C590049BF6B /* Model */,
				244815CB2214653700782602 /* Font */,
				24C4ED4A220B30E700167120 /* Libraries */,
				24C4ED47220B2EAF00167120 /* Tools */,
				240B48EB220A11EB0028D056 /* CustomTabBar.swift */,
				243E71B0222040030049BF6B /* DetailViewController.swift */,
				242EEE2E2201EA42008DE446 /* AppDelegate.swift */,
				242EEE302201EA42008DE446 /* ViewController.swift */,
				242EEE322201EA42008DE446 /* Main.storyboard */,
				24590C2F22298594007A31CD /* SearchViewController.swift */,
				243E71AC22203E3C0049BF6B /* CollectionViewController.swift */,
				242EEE352201EA4B008DE446 /* Assets.xcassets */,
				242EEE372201EA4C008DE446 /* LaunchScreen.storyboard */,
				242EEE3A2201EA4C008DE446 /* Info.plist */,
				244815C922145FB600782602 /* CustomCellMovies.swift */,
				246A99AB2214776100938E04 /* MovieCellSegue.swift */,
				243E71B2222042590049BF6B /* CollectionViewCell.swift */,
				243E71B422204B8F0049BF6B /* MovieCollectionViewCell.swift */,
			);
			path = MovieFlix;
			sourceTree = "<group>";
		};
		242EEE422201EA4C008DE446 /* MovieFlixTests */ = {
			isa = PBXGroup;
			children = (
				242EEE432201EA4C008DE446 /* MovieFlixTests.swift */,
				242EEE452201EA4C008DE446 /* Info.plist */,
			);
			path = MovieFlixTests;
			sourceTree = "<group>";
		};
		242EEE4D2201EA4C008DE446 /* MovieFlixUITests */ = {
			isa = PBXGroup;
			children = (
				242EEE4E2201EA4C008DE446 /* MovieFlixUITests.swift */,
				242EEE502201EA4C008DE446 /* Info.plist */,
			);
			path = MovieFlixUITests;
			sourceTree = "<group>";
		};
		243E71AB22203C590049BF6B /* Model */ = {
			isa = PBXGroup;
			children = (
				241541DA221C8878004E9EDD /* User.swift */,
				24C4ED43220B25F100167120 /* Movie.swift */,
			);
			path = Model;
			sourceTree = "<group>";
		};
		244815CB2214653700782602 /* Font */ = {
			isa = PBXGroup;
			children = (
				244815CD221465F100782602 /* BebasNeue-Regular.otf */,
				244815CC221465F100782602 /* BebasNeue-Regular.ttf */,
			);
			path = Font;
			sourceTree = "<group>";
		};
		24C4ED47220B2EAF00167120 /* Tools */ = {
			isa = PBXGroup;
			children = (
				24C4ED48220B2ECA00167120 /* Tools.swift */,
			);
			path = Tools;
			sourceTree = "<group>";
		};
		24C4ED4A220B30E700167120 /* Libraries */ = {
			isa = PBXGroup;
			children = (
				24C4ED45220B26E100167120 /* movies2.csv */,
				244815C722145CDA00782602 /* movies_dani.csv */,
				24130DC62226D0ED0081AF2F /* movies.csv */,
				24C4ED4B220B30FE00167120 /* csv.swift */,
			);
			path = Libraries;
			sourceTree = "<group>";
		};
/* End PBXGroup section */

/* Begin PBXNativeTarget section */
		242EEE2A2201EA42008DE446 /* MovieFlix */ = {
			isa = PBXNativeTarget;
			buildConfigurationList = 242EEE532201EA4C008DE446 /* Build configuration list for PBXNativeTarget "MovieFlix" */;
			buildPhases = (
				242EEE272201EA42008DE446 /* Sources */,
				242EEE282201EA42008DE446 /* Frameworks */,
				242EEE292201EA42008DE446 /* Resources */,
			);
			buildRules = (
			);
			dependencies = (
			);
			name = MovieFlix;
			productName = MovieFlix;
			productReference = 242EEE2B2201EA42008DE446 /* MovieFlix.app */;
			productType = "com.apple.product-type.application";
		};
		242EEE3E2201EA4C008DE446 /* MovieFlixTests */ = {
			isa = PBXNativeTarget;
			buildConfigurationList = 242EEE562201EA4C008DE446 /* Build configuration list for PBXNativeTarget "MovieFlixTests" */;
			buildPhases = (
				242EEE3B2201EA4C008DE446 /* Sources */,
				242EEE3C2201EA4C008DE446 /* Frameworks */,
				242EEE3D2201EA4C008DE446 /* Resources */,
			);
			buildRules = (
			);
			dependencies = (
				242EEE412201EA4C008DE446 /* PBXTargetDependency */,
			);
			name = MovieFlixTests;
			productName = MovieFlixTests;
			productReference = 242EEE3F2201EA4C008DE446 /* MovieFlixTests.xctest */;
			productType = "com.apple.product-type.bundle.unit-test";
		};
		242EEE492201EA4C008DE446 /* MovieFlixUITests */ = {
			isa = PBXNativeTarget;
			buildConfigurationList = 242EEE592201EA4C008DE446 /* Build configuration list for PBXNativeTarget "MovieFlixUITests" */;
			buildPhases = (
				242EEE462201EA4C008DE446 /* Sources */,
				242EEE472201EA4C008DE446 /* Frameworks */,
				242EEE482201EA4C008DE446 /* Resources */,
			);
			buildRules = (
			);
			dependencies = (
				242EEE4C2201EA4C008DE446 /* PBXTargetDependency */,
			);
			name = MovieFlixUITests;
			productName = MovieFlixUITests;
			productReference = 242EEE4A2201EA4C008DE446 /* MovieFlixUITests.xctest */;
			productType = "com.apple.product-type.bundle.ui-testing";
		};
/* End PBXNativeTarget section */

/* Begin PBXProject section */
		242EEE232201EA41008DE446 /* Project object */ = {
			isa = PBXProject;
			attributes = {
				LastSwiftUpdateCheck = 1010;
				LastUpgradeCheck = 1010;
				ORGANIZATIONNAME = "Borja S";
				TargetAttributes = {
					242EEE2A2201EA42008DE446 = {
						CreatedOnToolsVersion = 10.1;
					};
					242EEE3E2201EA4C008DE446 = {
						CreatedOnToolsVersion = 10.1;
						TestTargetID = 242EEE2A2201EA42008DE446;
					};
					242EEE492201EA4C008DE446 = {
						CreatedOnToolsVersion = 10.1;
						TestTargetID = 242EEE2A2201EA42008DE446;
					};
				};
			};
			buildConfigurationList = 242EEE262201EA41008DE446 /* Build configuration list for PBXProject "MovieFlix" */;
			compatibilityVersion = "Xcode 9.3";
			developmentRegion = en;
			hasScannedForEncodings = 0;
			knownRegions = (
				en,
				Base,
			);
			mainGroup = 242EEE222201EA41008DE446;
			productRefGroup = 242EEE2C2201EA42008DE446 /* Products */;
			projectDirPath = "";
			projectRoot = "";
			targets = (
				242EEE2A2201EA42008DE446 /* MovieFlix */,
				242EEE3E2201EA4C008DE446 /* MovieFlixTests */,
				242EEE492201EA4C008DE446 /* MovieFlixUITests */,
			);
		};
/* End PBXProject section */

/* Begin PBXResourcesBuildPhase section */
		242EEE292201EA42008DE446 /* Resources */ = {
			isa = PBXResourcesBuildPhase;
			buildActionMask = 2147483647;
			files = (
				242EEE392201EA4C008DE446 /* LaunchScreen.storyboard in Resources */,
				242EEE362201EA4B008DE446 /* Assets.xcassets in Resources */,
				242EEE342201EA42008DE446 /* Main.storyboard in Resources */,
				244815C822145CDA00782602 /* movies_dani.csv in Resources */,
				24130DC72226D0EE0081AF2F /* movies.csv in Resources */,
				24C4ED46220B26E100167120 /* movies2.csv in Resources */,
			);
			runOnlyForDeploymentPostprocessing = 0;
		};
		242EEE3D2201EA4C008DE446 /* Resources */ = {
			isa = PBXResourcesBuildPhase;
			buildActionMask = 2147483647;
			files = (
			);
			runOnlyForDeploymentPostprocessing = 0;
		};
		242EEE482201EA4C008DE446 /* Resources */ = {
			isa = PBXResourcesBuildPhase;
			buildActionMask = 2147483647;
			files = (
			);
			runOnlyForDeploymentPostprocessing = 0;
		};
/* End PBXResourcesBuildPhase section */

/* Begin PBXSourcesBuildPhase section */
		242EEE272201EA42008DE446 /* Sources */ = {
			isa = PBXSourcesBuildPhase;
			buildActionMask = 2147483647;
			files = (
				243E71B1222040030049BF6B /* DetailViewController.swift in Sources */,
				243E71B522204B8F0049BF6B /* MovieCollectionViewCell.swift in Sources */,
				246A99AC2214776100938E04 /* MovieCellSegue.swift in Sources */,
				243E71B3222042590049BF6B /* CollectionViewCell.swift in Sources */,
				244815CA22145FB600782602 /* CustomCellMovies.swift in Sources */,
				24C4ED4C220B30FE00167120 /* csv.swift in Sources */,
				242EEE312201EA42008DE446 /* ViewController.swift in Sources */,
				243E71AD22203E3C0049BF6B /* CollectionViewController.swift in Sources */,
				24590C3022298594007A31CD /* SearchViewController.swift in Sources */,
				240B48EC220A11EB0028D056 /* CustomTabBar.swift in Sources */,
				241541DB221C8878004E9EDD /* User.swift in Sources */,
				24C4ED44220B25F100167120 /* Movie.swift in Sources */,
				242EEE2F2201EA42008DE446 /* AppDelegate.swift in Sources */,
				24C4ED49220B2ECA00167120 /* Tools.swift in Sources */,
			);
			runOnlyForDeploymentPostprocessing = 0;
		};
		242EEE3B2201EA4C008DE446 /* Sources */ = {
			isa = PBXSourcesBuildPhase;
			buildActionMask = 2147483647;
			files = (
				242EEE442201EA4C008DE446 /* MovieFlixTests.swift in Sources */,
			);
			runOnlyForDeploymentPostprocessing = 0;
		};
		242EEE462201EA4C008DE446 /* Sources */ = {
			isa = PBXSourcesBuildPhase;
			buildActionMask = 2147483647;
			files = (
				242EEE4F2201EA4C008DE446 /* MovieFlixUITests.swift in Sources */,
			);
			runOnlyForDeploymentPostprocessing = 0;
		};
/* End PBXSourcesBuildPhase section */

/* Begin PBXTargetDependency section */
		242EEE412201EA4C008DE446 /* PBXTargetDependency */ = {
			isa = PBXTargetDependency;
			target = 242EEE2A2201EA42008DE446 /* MovieFlix */;
			targetProxy = 242EEE402201EA4C008DE446 /* PBXContainerItemProxy */;
		};
		242EEE4C2201EA4C008DE446 /* PBXTargetDependency */ = {
			isa = PBXTargetDependency;
			target = 242EEE2A2201EA42008DE446 /* MovieFlix */;
			targetProxy = 242EEE4B2201EA4C008DE446 /* PBXContainerItemProxy */;
		};
/* End PBXTargetDependency section */

/* Begin PBXVariantGroup section */
		242EEE322201EA42008DE446 /* Main.storyboard */ = {
			isa = PBXVariantGroup;
			children = (
				242EEE332201EA42008DE446 /* Base */,
			);
			name = Main.storyboard;
			sourceTree = "<group>";
		};
		242EEE372201EA4C008DE446 /* LaunchScreen.storyboard */ = {
			isa = PBXVariantGroup;
			children = (
				242EEE382201EA4C008DE446 /* Base */,
			);
			name = LaunchScreen.storyboard;
			sourceTree = "<group>";
		};
/* End PBXVariantGroup section */

/* Begin XCBuildConfiguration section */
		242EEE512201EA4C008DE446 /* Debug */ = {
			isa = XCBuildConfiguration;
			buildSettings = {
				ALWAYS_SEARCH_USER_PATHS = NO;
				CLANG_ANALYZER_NONNULL = YES;
				CLANG_ANALYZER_NUMBER_OBJECT_CONVERSION = YES_AGGRESSIVE;
				CLANG_CXX_LANGUAGE_STANDARD = "gnu++14";
				CLANG_CXX_LIBRARY = "libc++";
				CLANG_ENABLE_MODULES = YES;
				CLANG_ENABLE_OBJC_ARC = YES;
				CLANG_ENABLE_OBJC_WEAK = YES;
				CLANG_WARN_BLOCK_CAPTURE_AUTORELEASING = YES;
				CLANG_WARN_BOOL_CONVERSION = YES;
				CLANG_WARN_COMMA = YES;
				CLANG_WARN_CONSTANT_CONVERSION = YES;
				CLANG_WARN_DEPRECATED_OBJC_IMPLEMENTATIONS = YES;
				CLANG_WARN_DIRECT_OBJC_ISA_USAGE = YES_ERROR;
				CLANG_WARN_DOCUMENTATION_COMMENTS = YES;
				CLANG_WARN_EMPTY_BODY = YES;
				CLANG_WARN_ENUM_CONVERSION = YES;
				CLANG_WARN_INFINITE_RECURSION = YES;
				CLANG_WARN_INT_CONVERSION = YES;
				CLANG_WARN_NON_LITERAL_NULL_CONVERSION = YES;
				CLANG_WARN_OBJC_IMPLICIT_RETAIN_SELF = YES;
				CLANG_WARN_OBJC_LITERAL_CONVERSION = YES;
				CLANG_WARN_OBJC_ROOT_CLASS = YES_ERROR;
				CLANG_WARN_RANGE_LOOP_ANALYSIS = YES;
				CLANG_WARN_STRICT_PROTOTYPES = YES;
				CLANG_WARN_SUSPICIOUS_MOVE = YES;
				CLANG_WARN_UNGUARDED_AVAILABILITY = YES_AGGRESSIVE;
				CLANG_WARN_UNREACHABLE_CODE = YES;
				CLANG_WARN__DUPLICATE_METHOD_MATCH = YES;
				CODE_SIGN_IDENTITY = "iPhone Developer";
				COPY_PHASE_STRIP = NO;
				DEBUG_INFORMATION_FORMAT = dwarf;
				ENABLE_STRICT_OBJC_MSGSEND = YES;
				ENABLE_TESTABILITY = YES;
				GCC_C_LANGUAGE_STANDARD = gnu11;
				GCC_DYNAMIC_NO_PIC = NO;
				GCC_NO_COMMON_BLOCKS = YES;
				GCC_OPTIMIZATION_LEVEL = 0;
				GCC_PREPROCESSOR_DEFINITIONS = (
					"DEBUG=1",
					"$(inherited)",
				);
				GCC_WARN_64_TO_32_BIT_CONVERSION = YES;
				GCC_WARN_ABOUT_RETURN_TYPE = YES_ERROR;
				GCC_WARN_UNDECLARED_SELECTOR = YES;
				GCC_WARN_UNINITIALIZED_AUTOS = YES_AGGRESSIVE;
				GCC_WARN_UNUSED_FUNCTION = YES;
				GCC_WARN_UNUSED_VARIABLE = YES;
				IPHONEOS_DEPLOYMENT_TARGET = 12.1;
				MTL_ENABLE_DEBUG_INFO = INCLUDE_SOURCE;
				MTL_FAST_MATH = YES;
				ONLY_ACTIVE_ARCH = YES;
				SDKROOT = iphoneos;
				SWIFT_ACTIVE_COMPILATION_CONDITIONS = DEBUG;
				SWIFT_OPTIMIZATION_LEVEL = "-Onone";
			};
			name = Debug;
		};
		242EEE522201EA4C008DE446 /* Release */ = {
			isa = XCBuildConfiguration;
			buildSettings = {
				ALWAYS_SEARCH_USER_PATHS = NO;
				CLANG_ANALYZER_NONNULL = YES;
				CLANG_ANALYZER_NUMBER_OBJECT_CONVERSION = YES_AGGRESSIVE;
				CLANG_CXX_LANGUAGE_STANDARD = "gnu++14";
				CLANG_CXX_LIBRARY = "libc++";
				CLANG_ENABLE_MODULES = YES;
				CLANG_ENABLE_OBJC_ARC = YES;
				CLANG_ENABLE_OBJC_WEAK = YES;
				CLANG_WARN_BLOCK_CAPTURE_AUTORELEASING = YES;
				CLANG_WARN_BOOL_CONVERSION = YES;
				CLANG_WARN_COMMA = YES;
				CLANG_WARN_CONSTANT_CONVERSION = YES;
				CLANG_WARN_DEPRECATED_OBJC_IMPLEMENTATIONS = YES;
				CLANG_WARN_DIRECT_OBJC_ISA_USAGE = YES_ERROR;
				CLANG_WARN_DOCUMENTATION_COMMENTS = YES;
				CLANG_WARN_EMPTY_BODY = YES;
				CLANG_WARN_ENUM_CONVERSION = YES;
				CLANG_WARN_INFINITE_RECURSION = YES;
				CLANG_WARN_INT_CONVERSION = YES;
				CLANG_WARN_NON_LITERAL_NULL_CONVERSION = YES;
				CLANG_WARN_OBJC_IMPLICIT_RETAIN_SELF = YES;
				CLANG_WARN_OBJC_LITERAL_CONVERSION = YES;
				CLANG_WARN_OBJC_ROOT_CLASS = YES_ERROR;
				CLANG_WARN_RANGE_LOOP_ANALYSIS = YES;
				CLANG_WARN_STRICT_PROTOTYPES = YES;
				CLANG_WARN_SUSPICIOUS_MOVE = YES;
				CLANG_WARN_UNGUARDED_AVAILABILITY = YES_AGGRESSIVE;
				CLANG_WARN_UNREACHABLE_CODE = YES;
				CLANG_WARN__DUPLICATE_METHOD_MATCH = YES;
				CODE_SIGN_IDENTITY = "iPhone Developer";
				COPY_PHASE_STRIP = NO;
				DEBUG_INFORMATION_FORMAT = "dwarf-with-dsym";
				ENABLE_NS_ASSERTIONS = NO;
				ENABLE_STRICT_OBJC_MSGSEND = YES;
				GCC_C_LANGUAGE_STANDARD = gnu11;
				GCC_NO_COMMON_BLOCKS = YES;
				GCC_WARN_64_TO_32_BIT_CONVERSION = YES;
				GCC_WARN_ABOUT_RETURN_TYPE = YES_ERROR;
				GCC_WARN_UNDECLARED_SELECTOR = YES;
				GCC_WARN_UNINITIALIZED_AUTOS = YES_AGGRESSIVE;
				GCC_WARN_UNUSED_FUNCTION = YES;
				GCC_WARN_UNUSED_VARIABLE = YES;
				IPHONEOS_DEPLOYMENT_TARGET = 12.1;
				MTL_ENABLE_DEBUG_INFO = NO;
				MTL_FAST_MATH = YES;
				SDKROOT = iphoneos;
				SWIFT_COMPILATION_MODE = wholemodule;
				SWIFT_OPTIMIZATION_LEVEL = "-O";
				VALIDATE_PRODUCT = YES;
			};
			name = Release;
		};
		242EEE542201EA4C008DE446 /* Debug */ = {
			isa = XCBuildConfiguration;
			buildSettings = {
				ASSETCATALOG_COMPILER_APPICON_NAME = AppIcon;
				CODE_SIGN_STYLE = Automatic;
				INFOPLIST_FILE = MovieFlix/Info.plist;
				LD_RUNPATH_SEARCH_PATHS = (
					"$(inherited)",
					"@executable_path/Frameworks",
				);
				PRODUCT_BUNDLE_IDENTIFIER = borjas.MovieFlix;
				PRODUCT_NAME = "$(TARGET_NAME)";
				SWIFT_VERSION = 4.2;
				TARGETED_DEVICE_FAMILY = "1,2";
			};
			name = Debug;
		};
		242EEE552201EA4C008DE446 /* Release */ = {
			isa = XCBuildConfiguration;
			buildSettings = {
				ASSETCATALOG_COMPILER_APPICON_NAME = AppIcon;
				CODE_SIGN_STYLE = Automatic;
				INFOPLIST_FILE = MovieFlix/Info.plist;
				LD_RUNPATH_SEARCH_PATHS = (
					"$(inherited)",
					"@executable_path/Frameworks",
				);
				PRODUCT_BUNDLE_IDENTIFIER = borjas.MovieFlix;
				PRODUCT_NAME = "$(TARGET_NAME)";
				SWIFT_VERSION = 4.2;
				TARGETED_DEVICE_FAMILY = "1,2";
			};
			name = Release;
		};
		242EEE572201EA4C008DE446 /* Debug */ = {
			isa = XCBuildConfiguration;
			buildSettings = {
				ALWAYS_EMBED_SWIFT_STANDARD_LIBRARIES = YES;
				BUNDLE_LOADER = "$(TEST_HOST)";
				CODE_SIGN_STYLE = Automatic;
				INFOPLIST_FILE = MovieFlixTests/Info.plist;
				LD_RUNPATH_SEARCH_PATHS = (
					"$(inherited)",
					"@executable_path/Frameworks",
					"@loader_path/Frameworks",
				);
				PRODUCT_BUNDLE_IDENTIFIER = borjas.MovieFlixTests;
				PRODUCT_NAME = "$(TARGET_NAME)";
				SWIFT_VERSION = 4.2;
				TARGETED_DEVICE_FAMILY = "1,2";
				TEST_HOST = "$(BUILT_PRODUCTS_DIR)/MovieFlix.app/MovieFlix";
			};
			name = Debug;
		};
		242EEE582201EA4C008DE446 /* Release */ = {
			isa = XCBuildConfiguration;
			buildSettings = {
				ALWAYS_EMBED_SWIFT_STANDARD_LIBRARIES = YES;
				BUNDLE_LOADER = "$(TEST_HOST)";
				CODE_SIGN_STYLE = Automatic;
				INFOPLIST_FILE = MovieFlixTests/Info.plist;
				LD_RUNPATH_SEARCH_PATHS = (
					"$(inherited)",
					"@executable_path/Frameworks",
					"@loader_path/Frameworks",
				);
				PRODUCT_BUNDLE_IDENTIFIER = borjas.MovieFlixTests;
				PRODUCT_NAME = "$(TARGET_NAME)";
				SWIFT_VERSION = 4.2;
				TARGETED_DEVICE_FAMILY = "1,2";
				TEST_HOST = "$(BUILT_PRODUCTS_DIR)/MovieFlix.app/MovieFlix";
			};
			name = Release;
		};
		242EEE5A2201EA4C008DE446 /* Debug */ = {
			isa = XCBuildConfiguration;
			buildSettings = {
				ALWAYS_EMBED_SWIFT_STANDARD_LIBRARIES = YES;
				CODE_SIGN_STYLE = Automatic;
				INFOPLIST_FILE = MovieFlixUITests/Info.plist;
				LD_RUNPATH_SEARCH_PATHS = (
					"$(inherited)",
					"@executable_path/Frameworks",
					"@loader_path/Frameworks",
				);
				PRODUCT_BUNDLE_IDENTIFIER = borjas.MovieFlixUITests;
				PRODUCT_NAME = "$(TARGET_NAME)";
				SWIFT_VERSION = 4.2;
				TARGETED_DEVICE_FAMILY = "1,2";
				TEST_TARGET_NAME = MovieFlix;
			};
			name = Debug;
		};
		242EEE5B2201EA4C008DE446 /* Release */ = {
			isa = XCBuildConfiguration;
			buildSettings = {
				ALWAYS_EMBED_SWIFT_STANDARD_LIBRARIES = YES;
				CODE_SIGN_STYLE = Automatic;
				INFOPLIST_FILE = MovieFlixUITests/Info.plist;
				LD_RUNPATH_SEARCH_PATHS = (
					"$(inherited)",
					"@executable_path/Frameworks",
					"@loader_path/Frameworks",
				);
				PRODUCT_BUNDLE_IDENTIFIER = borjas.MovieFlixUITests;
				PRODUCT_NAME = "$(TARGET_NAME)";
				SWIFT_VERSION = 4.2;
				TARGETED_DEVICE_FAMILY = "1,2";
				TEST_TARGET_NAME = MovieFlix;
			};
			name = Release;
		};
/* End XCBuildConfiguration section */

/* Begin XCConfigurationList section */
		242EEE262201EA41008DE446 /* Build configuration list for PBXProject "MovieFlix" */ = {
			isa = XCConfigurationList;
			buildConfigurations = (
				242EEE512201EA4C008DE446 /* Debug */,
				242EEE522201EA4C008DE446 /* Release */,
			);
			defaultConfigurationIsVisible = 0;
			defaultConfigurationName = Release;
		};
		242EEE532201EA4C008DE446 /* Build configuration list for PBXNativeTarget "MovieFlix" */ = {
			isa = XCConfigurationList;
			buildConfigurations = (
				242EEE542201EA4C008DE446 /* Debug */,
				242EEE552201EA4C008DE446 /* Release */,
			);
			defaultConfigurationIsVisible = 0;
			defaultConfigurationName = Release;
		};
		242EEE562201EA4C008DE446 /* Build configuration list for PBXNativeTarget "MovieFlixTests" */ = {
			isa = XCConfigurationList;
			buildConfigurations = (
				242EEE572201EA4C008DE446 /* Debug */,
				242EEE582201EA4C008DE446 /* Release */,
			);
			defaultConfigurationIsVisible = 0;
			defaultConfigurationName = Release;
		};
		242EEE592201EA4C008DE446 /* Build configuration list for PBXNativeTarget "MovieFlixUITests" */ = {
			isa = XCConfigurationList;
			buildConfigurations = (
				242EEE5A2201EA4C008DE446 /* Debug */,
				242EEE5B2201EA4C008DE446 /* Release */,
			);
			defaultConfigurationIsVisible = 0;
			defaultConfigurationName = Release;
		};
/* End XCConfigurationList section */
	};
	rootObject = 242EEE232201EA41008DE446 /* Project object */;
}
